
Microsoft Visual Studio Solution File, Format Version 12.00
# Visual Studio 2013
VisualStudioVersion = 12.0.21005.1
MinimumVisualStudioVersion = 10.0.40219.1
Project("{FAE04EC0-301F-11D3-BF4B-00C04F79EFBC}") = "TokenString Console", "TokenString Console.csproj", "{A642B7B5-DD31-4DC3-9A99-D67780F42342}"
EndProject
Project("{FAE04EC0-301F-11D3-BF4B-00C04F79EFBC}") = "TokenString Library", "TokenString Lib\TokenString Library.csproj", "{71EC0070-6B29-4175-A7BF-F5FA44CD5092}"
EndProject
Global
	GlobalSection(SolutionConfigurationPlatforms) = preSolution
		Debug|Any CPU = Debug|Any CPU
		Release|Any CPU = Release|Any CPU
	EndGlobalSection
	GlobalSection(ProjectConfigurationPlatforms) = postSolution
		{A642B7B5-DD31-4DC3-9A99-D67780F42342}.Debug|Any CPU.ActiveCfg = Debug|Any CPU
		{A642B7B5-DD31-4DC3-9A99-D67780F42342}.Debug|Any CPU.Build.0 = Debug|Any CPU
		{A642B7B5-DD31-4DC3-9A99-D67780F42342}.Release|Any CPU.ActiveCfg = Release|Any CPU
		{A642B7B5-DD31-4DC3-9A99-D67780F42342}.Release|Any CPU.Build.0 = Release|Any CPU
		{71EC0070-6B29-4175-A7BF-F5FA44CD5092}.Debug|Any CPU.ActiveCfg = Debug|Any CPU
		{71EC0070-6B29-4175-A7BF-F5FA44CD5092}.Debug|Any CPU.Build.0 = Debug|Any CPU
		{71EC0070-6B29-4175-A7BF-F5FA44CD5092}.Release|Any CPU.ActiveCfg = Release|Any CPU
		{71EC0070-6B29-4175-A7BF-F5FA44CD5092}.Release|Any CPU.Build.0 = Release|Any CPU
	EndGlobalSection
	GlobalSection(SolutionProperties) = preSolution
		HideSolutionNode = FALSE
	EndGlobalSection
EndGlobal
